
Microsoft Visual Studio Solution File, Format Version 12.00
# Visual Studio Version 17
VisualStudioVersion = 17.4.33110.190
MinimumVisualStudioVersion = 10.0.40219.1
Project("{FAE04EC0-301F-11D3-BF4B-00C04F79EFBC}") = "EpiConnectAPI", "EpiConnectAPI.csproj", "{3560E53A-EA79-4DFD-8E90-1614D54F74D1}"
EndProject
Global
	GlobalSection(SolutionConfigurationPlatforms) = preSolution
		Debug|Any CPU = Debug|Any CPU
		Release|Any CPU = Release|Any CPU
	EndGlobalSection
	GlobalSection(ProjectConfigurationPlatforms) = postSolution
		{3560E53A-EA79-4DFD-8E90-1614D54F74D1}.Debug|Any CPU.ActiveCfg = Debug|Any CPU
		{3560E53A-EA79-4DFD-8E90-1614D54F74D1}.Debug|Any CPU.Build.0 = Debug|Any CPU
		{3560E53A-EA79-4DFD-8E90-1614D54F74D1}.Release|Any CPU.ActiveCfg = Release|Any CPU
		{3560E53A-EA79-4DFD-8E90-1614D54F74D1}.Release|Any CPU.Build.0 = Release|Any CPU
	EndGlobalSection
	GlobalSection(SolutionProperties) = preSolution
		HideSolutionNode = FALSE
	EndGlobalSection
	GlobalSection(ExtensibilityGlobals) = postSolution
		SolutionGuid = {FD4FE2C6-D917-47AB-8434-55639CF52EE6}
	EndGlobalSection
EndGlobal
